
Microsoft Visual Studio Solution File, Format Version 12.00
# Visual Studio 15
Project("{FAE04EC0-301F-11D3-BF4B-00C04F79EFBC}") = "Unity.Timeline", "Unity.Timeline.csproj", "{56E6440C-3FBE-1598-51BA-C8A4D520DCC3}"
EndProject
Project("{FAE04EC0-301F-11D3-BF4B-00C04F79EFBC}") = "Unity.Timeline.Editor", "Unity.Timeline.Editor.csproj", "{F45FFD1D-8E9F-6A54-7BAB-D9274C60D60D}"
EndProject
Project("{FAE04EC0-301F-11D3-BF4B-00C04F79EFBC}") = "Unity.TextMeshPro.Editor", "Unity.TextMeshPro.Editor.csproj", "{220A216F-4952-61D0-0442-E2F95F183E61}"
EndProject
Project("{FAE04EC0-301F-11D3-BF4B-00C04F79EFBC}") = "Unity.XR.Management", "Unity.XR.Management.csproj", "{89641C28-0CCE-0F3D-042B-919DE050578C}"
EndProject
Project("{FAE04EC0-301F-11D3-BF4B-00C04F79EFBC}") = "Unity.VisualScripting.Flow", "Unity.VisualScripting.Flow.csproj", "{FD927798-BF4E-0CEB-38F0-C68A135B38FA}"
EndProject
Project("{FAE04EC0-301F-11D3-BF4B-00C04F79EFBC}") = "Unity.XR.Interaction.Toolkit", "Unity.XR.Interaction.Toolkit.csproj", "{D6989EBA-5708-E189-4686-3CABF367DC03}"
EndProject
Project("{FAE04EC0-301F-11D3-BF4B-00C04F79EFBC}") = "UnityEditor.UI", "UnityEditor.UI.csproj", "{4570D000-39F2-7E7F-8B96-4FC89573D499}"
EndProject
Project("{FAE04EC0-301F-11D3-BF4B-00C04F79EFBC}") = "Unity.XR.Interaction.Toolkit.Editor", "Unity.XR.Interaction.Toolkit.Editor.csproj", "{957E4025-9631-7667-B5EF-AE360883B5E5}"
EndProject
Project("{FAE04EC0-301F-11D3-BF4B-00C04F79EFBC}") = "Unity.PlasticSCM.Editor", "Unity.PlasticSCM.Editor.csproj", "{26FFFD71-EF78-7A2A-85F7-672091345843}"
EndProject
Project("{FAE04EC0-301F-11D3-BF4B-00C04F79EFBC}") = "Unity.InputSystem", "Unity.InputSystem.csproj", "{9897C48E-8114-B620-985C-89087A36EA6E}"
EndProject
Project("{FAE04EC0-301F-11D3-BF4B-00C04F79EFBC}") = "Unity.VisualScripting.Core", "Unity.VisualScripting.Core.csproj", "{7145537C-5F7C-511E-198B-7F9F1837004A}"
EndProject
Project("{FAE04EC0-301F-11D3-BF4B-00C04F79EFBC}") = "Unity.VisualScripting.Core.Editor", "Unity.VisualScripting.Core.Editor.csproj", "{8EB3ECF1-7058-E7A3-0FDA-556FB8A9978D}"
EndProject
Project("{FAE04EC0-301F-11D3-BF4B-00C04F79EFBC}") = "Unity.VisualScripting.Flow.Editor", "Unity.VisualScripting.Flow.Editor.csproj", "{86C76852-29C7-50E7-5385-5FFAB5F56D16}"
EndProject
Project("{FAE04EC0-301F-11D3-BF4B-00C04F79EFBC}") = "UnityEditor.TestRunner", "UnityEditor.TestRunner.csproj", "{5DB3B0C4-356C-B8AB-DB5F-89B0B71BCA3A}"
EndProject
Project("{FAE04EC0-301F-11D3-BF4B-00C04F79EFBC}") = "Unity.VisualScripting.SettingsProvider.Editor", "Unity.VisualScripting.SettingsProvider.Editor.csproj", "{EB085D9D-2A1E-4994-6003-1BAAE80BE056}"
EndProject
Project("{FAE04EC0-301F-11D3-BF4B-00C04F79EFBC}") = "UnityEngine.TestRunner", "UnityEngine.TestRunner.csproj", "{E29430DA-EE00-C218-44F8-1BB121D7DE32}"
EndProject
Project("{FAE04EC0-301F-11D3-BF4B-00C04F79EFBC}") = "Unity.XR.Management.Editor", "Unity.XR.Management.Editor.csproj", "{28F54828-E1E6-9ABD-7715-CF4B00011C31}"
EndProject
Project("{FAE04EC0-301F-11D3-BF4B-00C04F79EFBC}") = "Unity.XR.CoreUtils.Editor", "Unity.XR.CoreUtils.Editor.csproj", "{F0B9D383-1007-D604-C4B0-0499FA669AB2}"
EndProject
Project("{FAE04EC0-301F-11D3-BF4B-00C04F79EFBC}") = "UnityEngine.UI", "UnityEngine.UI.csproj", "{8F1A24E4-972D-980C-1A59-6AB5D3363EA8}"
EndProject
Project("{FAE04EC0-301F-11D3-BF4B-00C04F79EFBC}") = "Unity.AI.Navigation.Editor", "Unity.AI.Navigation.Editor.csproj", "{52C20727-3946-7A97-3E99-4866FA72C543}"
EndProject
Project("{FAE04EC0-301F-11D3-BF4B-00C04F79EFBC}") = "Unity.VisualStudio.Editor", "Unity.VisualStudio.Editor.csproj", "{72B8DC8E-767F-7D33-9060-149CCA80B96E}"
EndProject
Project("{FAE04EC0-301F-11D3-BF4B-00C04F79EFBC}") = "Unity.TestTools.CodeCoverage.Editor.OpenCover.Model", "Unity.TestTools.CodeCoverage.Editor.OpenCover.Model.csproj", "{A17BDCB4-D598-334D-AD85-BA2462F3AD85}"
EndProject
Project("{FAE04EC0-301F-11D3-BF4B-00C04F79EFBC}") = "Unity.Rider.Editor", "Unity.Rider.Editor.csproj", "{3AF7A1BB-EEED-CE96-5292-F516EC44E37E}"
EndProject
Project("{FAE04EC0-301F-11D3-BF4B-00C04F79EFBC}") = "Unity.XR.CoreUtils", "Unity.XR.CoreUtils.csproj", "{A0C9906C-874D-4A19-216D-6CB8DA4FD147}"
EndProject
Project("{FAE04EC0-301F-11D3-BF4B-00C04F79EFBC}") = "Unity.AI.Navigation", "Unity.AI.Navigation.csproj", "{ABA485D8-367E-86C5-0A60-B9EA17AF1A5D}"
EndProject
Project("{FAE04EC0-301F-11D3-BF4B-00C04F79EFBC}") = "Unity.AI.Navigation.Editor.ConversionSystem", "Unity.AI.Navigation.Editor.ConversionSystem.csproj", "{56D8B840-C656-3ACB-26F9-E3E6157B13F8}"
EndProject
Project("{FAE04EC0-301F-11D3-BF4B-00C04F79EFBC}") = "Unity.VisualScripting.State.Editor", "Unity.VisualScripting.State.Editor.csproj", "{C7A4E360-76EC-D722-31D6-D0765D7A45FD}"
EndProject
Project("{FAE04EC0-301F-11D3-BF4B-00C04F79EFBC}") = "UnityEditor.XR.LegacyInputHelpers", "UnityEditor.XR.LegacyInputHelpers.csproj", "{1421EC14-BBF2-BDF0-81D3-2B978A689F16}"
EndProject
Project("{FAE04EC0-301F-11D3-BF4B-00C04F79EFBC}") = "Unity.TestTools.CodeCoverage.Editor", "Unity.TestTools.CodeCoverage.Editor.csproj", "{774133F9-1AD7-E1AE-5B9F-ACCD63798071}"
EndProject
Project("{FAE04EC0-301F-11D3-BF4B-00C04F79EFBC}") = "Unity.VisualScripting.State", "Unity.VisualScripting.State.csproj", "{5417B9FA-F99B-81EB-99B4-A2D621854CFD}"
EndProject
Project("{FAE04EC0-301F-11D3-BF4B-00C04F79EFBC}") = "Unity.TextMeshPro", "Unity.TextMeshPro.csproj", "{93DF559A-3710-7346-C106-566155DED247}"
EndProject
Project("{FAE04EC0-301F-11D3-BF4B-00C04F79EFBC}") = "Unity.Performance.Profile-Analyzer.Editor", "Unity.Performance.Profile-Analyzer.Editor.csproj", "{9047E17E-0F22-51D1-83EC-F970E2071F80}"
EndProject
Project("{FAE04EC0-301F-11D3-BF4B-00C04F79EFBC}") = "Unity.VSCode.Editor", "Unity.VSCode.Editor.csproj", "{C84F4480-D37C-8C2E-7469-7812AFF53476}"
EndProject
Project("{FAE04EC0-301F-11D3-BF4B-00C04F79EFBC}") = "Unity.TestTools.CodeCoverage.Editor.OpenCover.Mono.Reflection", "Unity.TestTools.CodeCoverage.Editor.OpenCover.Mono.Reflection.csproj", "{C0541ED8-A0B5-040A-A2AE-0A5C70460BD4}"
EndProject
Project("{FAE04EC0-301F-11D3-BF4B-00C04F79EFBC}") = "Unity.AI.Navigation.Updater", "Unity.AI.Navigation.Updater.csproj", "{9A1B7486-EA70-C04F-9C83-A658B102A55A}"
EndProject
Project("{FAE04EC0-301F-11D3-BF4B-00C04F79EFBC}") = "UnityEditor.SpatialTracking", "UnityEditor.SpatialTracking.csproj", "{F303E2E1-B39C-0F2E-1274-641781B81718}"
EndProject
Project("{FAE04EC0-301F-11D3-BF4B-00C04F79EFBC}") = "Unity.Settings.Editor", "Unity.Settings.Editor.csproj", "{F9400DCF-0511-A547-602F-EA3B87273FB1}"
EndProject
Project("{FAE04EC0-301F-11D3-BF4B-00C04F79EFBC}") = "UnityEngine.SpatialTracking", "UnityEngine.SpatialTracking.csproj", "{30478CEE-93E6-6969-668B-E8935A1B499A}"
EndProject
Project("{FAE04EC0-301F-11D3-BF4B-00C04F79EFBC}") = "Unity.EditorCoroutines.Editor", "Unity.EditorCoroutines.Editor.csproj", "{B6989DEE-8B0C-8E3B-CCAD-9A36954DBFC9}"
EndProject
Project("{FAE04EC0-301F-11D3-BF4B-00C04F79EFBC}") = "Unity.Subsystem.Registration", "Unity.Subsystem.Registration.csproj", "{40BEDBA9-8A24-9B4F-0305-CD23260E2079}"
EndProject
Project("{FAE04EC0-301F-11D3-BF4B-00C04F79EFBC}") = "Unity.InputSystem.TestFramework", "Unity.InputSystem.TestFramework.csproj", "{CE2FC9D6-0A2E-5328-772C-CF4DB167FE5D}"
EndProject
Project("{FAE04EC0-301F-11D3-BF4B-00C04F79EFBC}") = "UnityEngine.XR.LegacyInputHelpers", "UnityEngine.XR.LegacyInputHelpers.csproj", "{5301FB2D-6A2F-1FE1-4ADD-9A002A8BBB51}"
EndProject
Project("{FAE04EC0-301F-11D3-BF4B-00C04F79EFBC}") = "Unity.VisualScripting.Shared.Editor", "Unity.VisualScripting.Shared.Editor.csproj", "{1C17DF78-CB33-80D7-9478-B5F08459CE0B}"
EndProject
Project("{FAE04EC0-301F-11D3-BF4B-00C04F79EFBC}") = "Unity.CollabProxy.Editor", "Unity.CollabProxy.Editor.csproj", "{EE9A8CBE-A6B2-3279-78EF-F9CB72B5627B}"
EndProject
Project("{FAE04EC0-301F-11D3-BF4B-00C04F79EFBC}") = "Unity.Timeline", "Unity.Timeline.Player.csproj", "{1184D83F-8994-95E7-8350-5A405FA33ABB}"
EndProject
Project("{FAE04EC0-301F-11D3-BF4B-00C04F79EFBC}") = "Unity.XR.Management", "Unity.XR.Management.Player.csproj", "{660C175F-F90C-A955-FEC6-9D1AB15E8BC4}"
EndProject
Project("{FAE04EC0-301F-11D3-BF4B-00C04F79EFBC}") = "Unity.VisualScripting.Flow", "Unity.VisualScripting.Flow.Player.csproj", "{C732F58C-3378-6ACA-838E-2D0583A1DC8C}"
EndProject
Project("{FAE04EC0-301F-11D3-BF4B-00C04F79EFBC}") = "Unity.XR.Interaction.Toolkit", "Unity.XR.Interaction.Toolkit.Player.csproj", "{FFC44407-33EA-798F-B974-FDC98403D1A0}"
EndProject
Project("{FAE04EC0-301F-11D3-BF4B-00C04F79EFBC}") = "Unity.InputSystem", "Unity.InputSystem.Player.csproj", "{E77270C6-66EB-44F6-1173-731F3C236138}"
EndProject
Project("{FAE04EC0-301F-11D3-BF4B-00C04F79EFBC}") = "Unity.VisualScripting.Core", "Unity.VisualScripting.Core.Player.csproj", "{8C2DE19C-B3F1-EBCC-0D8B-EA79F6C6F4BA}"
EndProject
Project("{FAE04EC0-301F-11D3-BF4B-00C04F79EFBC}") = "UnityEngine.TestRunner", "UnityEngine.TestRunner.Player.csproj", "{83D99F98-11C2-79BE-F6E8-69D85D75D495}"
EndProject
Project("{FAE04EC0-301F-11D3-BF4B-00C04F79EFBC}") = "UnityEngine.UI", "UnityEngine.UI.Player.csproj", "{2B663001-705E-920A-F137-9726F4D30B2D}"
EndProject
Project("{FAE04EC0-301F-11D3-BF4B-00C04F79EFBC}") = "Unity.XR.CoreUtils", "Unity.XR.CoreUtils.Player.csproj", "{E751EDFF-3853-43F8-7DEC-540CA0074246}"
EndProject
Project("{FAE04EC0-301F-11D3-BF4B-00C04F79EFBC}") = "Unity.AI.Navigation", "Unity.AI.Navigation.Player.csproj", "{D87FF0D0-E0F1-FB83-8F35-6641630B766E}"
EndProject
Project("{FAE04EC0-301F-11D3-BF4B-00C04F79EFBC}") = "Unity.VisualScripting.State", "Unity.VisualScripting.State.Player.csproj", "{EFBF9D49-72A4-2D6B-B5A2-41B44B898112}"
EndProject
Project("{FAE04EC0-301F-11D3-BF4B-00C04F79EFBC}") = "Unity.TextMeshPro", "Unity.TextMeshPro.Player.csproj", "{2B07F155-A988-4D50-CE71-CA0F54237435}"
EndProject
Project("{FAE04EC0-301F-11D3-BF4B-00C04F79EFBC}") = "UnityEngine.SpatialTracking", "UnityEngine.SpatialTracking.Player.csproj", "{C79093E2-8C2D-4695-177D-ECC1B2BB74F1}"
EndProject
Project("{FAE04EC0-301F-11D3-BF4B-00C04F79EFBC}") = "Unity.Subsystem.Registration", "Unity.Subsystem.Registration.Player.csproj", "{A4AA1F96-5776-BFDE-33E8-70FA79A5B190}"
EndProject
Project("{FAE04EC0-301F-11D3-BF4B-00C04F79EFBC}") = "Unity.InputSystem.TestFramework", "Unity.InputSystem.TestFramework.Player.csproj", "{BFD09142-F0F4-9349-F3ED-6B9145B5ADB1}"
EndProject
Project("{FAE04EC0-301F-11D3-BF4B-00C04F79EFBC}") = "UnityEngine.XR.LegacyInputHelpers", "UnityEngine.XR.LegacyInputHelpers.Player.csproj", "{9274F958-01D4-FDBD-8B6C-B24DE88E3988}"
EndProject
Global
	GlobalSection(SolutionConfigurationPlatforms) = preSolution
		Debug|Any CPU = Debug|Any CPU
		Release|Any CPU = Release|Any CPU
	EndGlobalSection
	GlobalSection(ProjectConfigurationPlatforms) = postSolution
		{56E6440C-3FBE-1598-51BA-C8A4D520DCC3}.Debug|Any CPU.ActiveCfg = Debug|Any CPU
		{56E6440C-3FBE-1598-51BA-C8A4D520DCC3}.Debug|Any CPU.Build.0 = Debug|Any CPU
		{56E6440C-3FBE-1598-51BA-C8A4D520DCC3}.Release|Any CPU.ActiveCfg = Release|Any CPU
		{56E6440C-3FBE-1598-51BA-C8A4D520DCC3}.Release|Any CPU.Build.0 = Release|Any CPU
		{F45FFD1D-8E9F-6A54-7BAB-D9274C60D60D}.Debug|Any CPU.ActiveCfg = Debug|Any CPU
		{F45FFD1D-8E9F-6A54-7BAB-D9274C60D60D}.Debug|Any CPU.Build.0 = Debug|Any CPU
		{F45FFD1D-8E9F-6A54-7BAB-D9274C60D60D}.Release|Any CPU.ActiveCfg = Release|Any CPU
		{F45FFD1D-8E9F-6A54-7BAB-D9274C60D60D}.Release|Any CPU.Build.0 = Release|Any CPU
		{220A216F-4952-61D0-0442-E2F95F183E61}.Debug|Any CPU.ActiveCfg = Debug|Any CPU
		{220A216F-4952-61D0-0442-E2F95F183E61}.Debug|Any CPU.Build.0 = Debug|Any CPU
		{220A216F-4952-61D0-0442-E2F95F183E61}.Release|Any CPU.ActiveCfg = Release|Any CPU
		{220A216F-4952-61D0-0442-E2F95F183E61}.Release|Any CPU.Build.0 = Release|Any CPU
		{89641C28-0CCE-0F3D-042B-919DE050578C}.Debug|Any CPU.ActiveCfg = Debug|Any CPU
		{89641C28-0CCE-0F3D-042B-919DE050578C}.Debug|Any CPU.Build.0 = Debug|Any CPU
		{89641C28-0CCE-0F3D-042B-919DE050578C}.Release|Any CPU.ActiveCfg = Release|Any CPU
		{89641C28-0CCE-0F3D-042B-919DE050578C}.Release|Any CPU.Build.0 = Release|Any CPU
		{FD927798-BF4E-0CEB-38F0-C68A135B38FA}.Debug|Any CPU.ActiveCfg = Debug|Any CPU
		{FD927798-BF4E-0CEB-38F0-C68A135B38FA}.Debug|Any CPU.Build.0 = Debug|Any CPU
		{FD927798-BF4E-0CEB-38F0-C68A135B38FA}.Release|Any CPU.ActiveCfg = Release|Any CPU
		{FD927798-BF4E-0CEB-38F0-C68A135B38FA}.Release|Any CPU.Build.0 = Release|Any CPU
		{D6989EBA-5708-E189-4686-3CABF367DC03}.Debug|Any CPU.ActiveCfg = Debug|Any CPU
		{D6989EBA-5708-E189-4686-3CABF367DC03}.Debug|Any CPU.Build.0 = Debug|Any CPU
		{D6989EBA-5708-E189-4686-3CABF367DC03}.Release|Any CPU.ActiveCfg = Release|Any CPU
		{D6989EBA-5708-E189-4686-3CABF367DC03}.Release|Any CPU.Build.0 = Release|Any CPU
		{4570D000-39F2-7E7F-8B96-4FC89573D499}.Debug|Any CPU.ActiveCfg = Debug|Any CPU
		{4570D000-39F2-7E7F-8B96-4FC89573D499}.Debug|Any CPU.Build.0 = Debug|Any CPU
		{4570D000-39F2-7E7F-8B96-4FC89573D499}.Release|Any CPU.ActiveCfg = Release|Any CPU
		{4570D000-39F2-7E7F-8B96-4FC89573D499}.Release|Any CPU.Build.0 = Release|Any CPU
		{957E4025-9631-7667-B5EF-AE360883B5E5}.Debug|Any CPU.ActiveCfg = Debug|Any CPU
		{957E4025-9631-7667-B5EF-AE360883B5E5}.Debug|Any CPU.Build.0 = Debug|Any CPU
		{957E4025-9631-7667-B5EF-AE360883B5E5}.Release|Any CPU.ActiveCfg = Release|Any CPU
		{957E4025-9631-7667-B5EF-AE360883B5E5}.Release|Any CPU.Build.0 = Release|Any CPU
		{26FFFD71-EF78-7A2A-85F7-672091345843}.Debug|Any CPU.ActiveCfg = Debug|Any CPU
		{26FFFD71-EF78-7A2A-85F7-672091345843}.Debug|Any CPU.Build.0 = Debug|Any CPU
		{26FFFD71-EF78-7A2A-85F7-672091345843}.Release|Any CPU.ActiveCfg = Release|Any CPU
		{26FFFD71-EF78-7A2A-85F7-672091345843}.Release|Any CPU.Build.0 = Release|Any CPU
		{9897C48E-8114-B620-985C-89087A36EA6E}.Debug|Any CPU.ActiveCfg = Debug|Any CPU
		{9897C48E-8114-B620-985C-89087A36EA6E}.Debug|Any CPU.Build.0 = Debug|Any CPU
		{9897C48E-8114-B620-985C-89087A36EA6E}.Release|Any CPU.ActiveCfg = Release|Any CPU
		{9897C48E-8114-B620-985C-89087A36EA6E}.Release|Any CPU.Build.0 = Release|Any CPU
		{7145537C-5F7C-511E-198B-7F9F1837004A}.Debug|Any CPU.ActiveCfg = Debug|Any CPU
		{7145537C-5F7C-511E-198B-7F9F1837004A}.Debug|Any CPU.Build.0 = Debug|Any CPU
		{7145537C-5F7C-511E-198B-7F9F1837004A}.Release|Any CPU.ActiveCfg = Release|Any CPU
		{7145537C-5F7C-511E-198B-7F9F1837004A}.Release|Any CPU.Build.0 = Release|Any CPU
		{8EB3ECF1-7058-E7A3-0FDA-556FB8A9978D}.Debug|Any CPU.ActiveCfg = Debug|Any CPU
		{8EB3ECF1-7058-E7A3-0FDA-556FB8A9978D}.Debug|Any CPU.Build.0 = Debug|Any CPU
		{8EB3ECF1-7058-E7A3-0FDA-556FB8A9978D}.Release|Any CPU.ActiveCfg = Release|Any CPU
		{8EB3ECF1-7058-E7A3-0FDA-556FB8A9978D}.Release|Any CPU.Build.0 = Release|Any CPU
		{86C76852-29C7-50E7-5385-5FFAB5F56D16}.Debug|Any CPU.ActiveCfg = Debug|Any CPU
		{86C76852-29C7-50E7-5385-5FFAB5F56D16}.Debug|Any CPU.Build.0 = Debug|Any CPU
		{86C76852-29C7-50E7-5385-5FFAB5F56D16}.Release|Any CPU.ActiveCfg = Release|Any CPU
		{86C76852-29C7-50E7-5385-5FFAB5F56D16}.Release|Any CPU.Build.0 = Release|Any CPU
		{5DB3B0C4-356C-B8AB-DB5F-89B0B71BCA3A}.Debug|Any CPU.ActiveCfg = Debug|Any CPU
		{5DB3B0C4-356C-B8AB-DB5F-89B0B71BCA3A}.Debug|Any CPU.Build.0 = Debug|Any CPU
		{5DB3B0C4-356C-B8AB-DB5F-89B0B71BCA3A}.Release|Any CPU.ActiveCfg = Release|Any CPU
		{5DB3B0C4-356C-B8AB-DB5F-89B0B71BCA3A}.Release|Any CPU.Build.0 = Release|Any CPU
		{EB085D9D-2A1E-4994-6003-1BAAE80BE056}.Debug|Any CPU.ActiveCfg = Debug|Any CPU
		{EB085D9D-2A1E-4994-6003-1BAAE80BE056}.Debug|Any CPU.Build.0 = Debug|Any CPU
		{EB085D9D-2A1E-4994-6003-1BAAE80BE056}.Release|Any CPU.ActiveCfg = Release|Any CPU
		{EB085D9D-2A1E-4994-6003-1BAAE80BE056}.Release|Any CPU.Build.0 = Release|Any CPU
		{E29430DA-EE00-C218-44F8-1BB121D7DE32}.Debug|Any CPU.ActiveCfg = Debug|Any CPU
		{E29430DA-EE00-C218-44F8-1BB121D7DE32}.Debug|Any CPU.Build.0 = Debug|Any CPU
		{E29430DA-EE00-C218-44F8-1BB121D7DE32}.Release|Any CPU.ActiveCfg = Release|Any CPU
		{E29430DA-EE00-C218-44F8-1BB121D7DE32}.Release|Any CPU.Build.0 = Release|Any CPU
		{28F54828-E1E6-9ABD-7715-CF4B00011C31}.Debug|Any CPU.ActiveCfg = Debug|Any CPU
		{28F54828-E1E6-9ABD-7715-CF4B00011C31}.Debug|Any CPU.Build.0 = Debug|Any CPU
		{28F54828-E1E6-9ABD-7715-CF4B00011C31}.Release|Any CPU.ActiveCfg = Release|Any CPU
		{28F54828-E1E6-9ABD-7715-CF4B00011C31}.Release|Any CPU.Build.0 = Release|Any CPU
		{F0B9D383-1007-D604-C4B0-0499FA669AB2}.Debug|Any CPU.ActiveCfg = Debug|Any CPU
		{F0B9D383-1007-D604-C4B0-0499FA669AB2}.Debug|Any CPU.Build.0 = Debug|Any CPU
		{F0B9D383-1007-D604-C4B0-0499FA669AB2}.Release|Any CPU.ActiveCfg = Release|Any CPU
		{F0B9D383-1007-D604-C4B0-0499FA669AB2}.Release|Any CPU.Build.0 = Release|Any CPU
		{8F1A24E4-972D-980C-1A59-6AB5D3363EA8}.Debug|Any CPU.ActiveCfg = Debug|Any CPU
		{8F1A24E4-972D-980C-1A59-6AB5D3363EA8}.Debug|Any CPU.Build.0 = Debug|Any CPU
		{8F1A24E4-972D-980C-1A59-6AB5D3363EA8}.Release|Any CPU.ActiveCfg = Release|Any CPU
		{8F1A24E4-972D-980C-1A59-6AB5D3363EA8}.Release|Any CPU.Build.0 = Release|Any CPU
		{52C20727-3946-7A97-3E99-4866FA72C543}.Debug|Any CPU.ActiveCfg = Debug|Any CPU
		{52C20727-3946-7A97-3E99-4866FA72C543}.Debug|Any CPU.Build.0 = Debug|Any CPU
		{52C20727-3946-7A97-3E99-4866FA72C543}.Release|Any CPU.ActiveCfg = Release|Any CPU
		{52C20727-3946-7A97-3E99-4866FA72C543}.Release|Any CPU.Build.0 = Release|Any CPU
		{72B8DC8E-767F-7D33-9060-149CCA80B96E}.Debug|Any CPU.ActiveCfg = Debug|Any CPU
		{72B8DC8E-767F-7D33-9060-149CCA80B96E}.Debug|Any CPU.Build.0 = Debug|Any CPU
		{72B8DC8E-767F-7D33-9060-149CCA80B96E}.Release|Any CPU.ActiveCfg = Release|Any CPU
		{72B8DC8E-767F-7D33-9060-149CCA80B96E}.Release|Any CPU.Build.0 = Release|Any CPU
		{A17BDCB4-D598-334D-AD85-BA2462F3AD85}.Debug|Any CPU.ActiveCfg = Debug|Any CPU
		{A17BDCB4-D598-334D-AD85-BA2462F3AD85}.Debug|Any CPU.Build.0 = Debug|Any CPU
		{A17BDCB4-D598-334D-AD85-BA2462F3AD85}.Release|Any CPU.ActiveCfg = Release|Any CPU
		{A17BDCB4-D598-334D-AD85-BA2462F3AD85}.Release|Any CPU.Build.0 = Release|Any CPU
		{3AF7A1BB-EEED-CE96-5292-F516EC44E37E}.Debug|Any CPU.ActiveCfg = Debug|Any CPU
		{3AF7A1BB-EEED-CE96-5292-F516EC44E37E}.Debug|Any CPU.Build.0 = Debug|Any CPU
		{3AF7A1BB-EEED-CE96-5292-F516EC44E37E}.Release|Any CPU.ActiveCfg = Release|Any CPU
		{3AF7A1BB-EEED-CE96-5292-F516EC44E37E}.Release|Any CPU.Build.0 = Release|Any CPU
		{A0C9906C-874D-4A19-216D-6CB8DA4FD147}.Debug|Any CPU.ActiveCfg = Debug|Any CPU
		{A0C9906C-874D-4A19-216D-6CB8DA4FD147}.Debug|Any CPU.Build.0 = Debug|Any CPU
		{A0C9906C-874D-4A19-216D-6CB8DA4FD147}.Release|Any CPU.ActiveCfg = Release|Any CPU
		{A0C9906C-874D-4A19-216D-6CB8DA4FD147}.Release|Any CPU.Build.0 = Release|Any CPU
		{ABA485D8-367E-86C5-0A60-B9EA17AF1A5D}.Debug|Any CPU.ActiveCfg = Debug|Any CPU
		{ABA485D8-367E-86C5-0A60-B9EA17AF1A5D}.Debug|Any CPU.Build.0 = Debug|Any CPU
		{ABA485D8-367E-86C5-0A60-B9EA17AF1A5D}.Release|Any CPU.ActiveCfg = Release|Any CPU
		{ABA485D8-367E-86C5-0A60-B9EA17AF1A5D}.Release|Any CPU.Build.0 = Release|Any CPU
		{56D8B840-C656-3ACB-26F9-E3E6157B13F8}.Debug|Any CPU.ActiveCfg = Debug|Any CPU
		{56D8B840-C656-3ACB-26F9-E3E6157B13F8}.Debug|Any CPU.Build.0 = Debug|Any CPU
		{56D8B840-C656-3ACB-26F9-E3E6157B13F8}.Release|Any CPU.ActiveCfg = Release|Any CPU
		{56D8B840-C656-3ACB-26F9-E3E6157B13F8}.Release|Any CPU.Build.0 = Release|Any CPU
		{C7A4E360-76EC-D722-31D6-D0765D7A45FD}.Debug|Any CPU.ActiveCfg = Debug|Any CPU
		{C7A4E360-76EC-D722-31D6-D0765D7A45FD}.Debug|Any CPU.Build.0 = Debug|Any CPU
		{C7A4E360-76EC-D722-31D6-D0765D7A45FD}.Release|Any CPU.ActiveCfg = Release|Any CPU
		{C7A4E360-76EC-D722-31D6-D0765D7A45FD}.Release|Any CPU.Build.0 = Release|Any CPU
		{1421EC14-BBF2-BDF0-81D3-2B978A689F16}.Debug|Any CPU.ActiveCfg = Debug|Any CPU
		{1421EC14-BBF2-BDF0-81D3-2B978A689F16}.Debug|Any CPU.Build.0 = Debug|Any CPU
		{1421EC14-BBF2-BDF0-81D3-2B978A689F16}.Release|Any CPU.ActiveCfg = Release|Any CPU
		{1421EC14-BBF2-BDF0-81D3-2B978A689F16}.Release|Any CPU.Build.0 = Release|Any CPU
		{774133F9-1AD7-E1AE-5B9F-ACCD63798071}.Debug|Any CPU.ActiveCfg = Debug|Any CPU
		{774133F9-1AD7-E1AE-5B9F-ACCD63798071}.Debug|Any CPU.Build.0 = Debug|Any CPU
		{774133F9-1AD7-E1AE-5B9F-ACCD63798071}.Release|Any CPU.ActiveCfg = Release|Any CPU
		{774133F9-1AD7-E1AE-5B9F-ACCD63798071}.Release|Any CPU.Build.0 = Release|Any CPU
		{5417B9FA-F99B-81EB-99B4-A2D621854CFD}.Debug|Any CPU.ActiveCfg = Debug|Any CPU
		{5417B9FA-F99B-81EB-99B4-A2D621854CFD}.Debug|Any CPU.Build.0 = Debug|Any CPU
		{5417B9FA-F99B-81EB-99B4-A2D621854CFD}.Release|Any CPU.ActiveCfg = Release|Any CPU
		{5417B9FA-F99B-81EB-99B4-A2D621854CFD}.Release|Any CPU.Build.0 = Release|Any CPU
		{93DF559A-3710-7346-C106-566155DED247}.Debug|Any CPU.ActiveCfg = Debug|Any CPU
		{93DF559A-3710-7346-C106-566155DED247}.Debug|Any CPU.Build.0 = Debug|Any CPU
		{93DF559A-3710-7346-C106-566155DED247}.Release|Any CPU.ActiveCfg = Release|Any CPU
		{93DF559A-3710-7346-C106-566155DED247}.Release|Any CPU.Build.0 = Release|Any CPU
		{9047E17E-0F22-51D1-83EC-F970E2071F80}.Debug|Any CPU.ActiveCfg = Debug|Any CPU
		{9047E17E-0F22-51D1-83EC-F970E2071F80}.Debug|Any CPU.Build.0 = Debug|Any CPU
		{9047E17E-0F22-51D1-83EC-F970E2071F80}.Release|Any CPU.ActiveCfg = Release|Any CPU
		{9047E17E-0F22-51D1-83EC-F970E2071F80}.Release|Any CPU.Build.0 = Release|Any CPU
		{C84F4480-D37C-8C2E-7469-7812AFF53476}.Debug|Any CPU.ActiveCfg = Debug|Any CPU
		{C84F4480-D37C-8C2E-7469-7812AFF53476}.Debug|Any CPU.Build.0 = Debug|Any CPU
		{C84F4480-D37C-8C2E-7469-7812AFF53476}.Release|Any CPU.ActiveCfg = Release|Any CPU
		{C84F4480-D37C-8C2E-7469-7812AFF53476}.Release|Any CPU.Build.0 = Release|Any CPU
		{C0541ED8-A0B5-040A-A2AE-0A5C70460BD4}.Debug|Any CPU.ActiveCfg = Debug|Any CPU
		{C0541ED8-A0B5-040A-A2AE-0A5C70460BD4}.Debug|Any CPU.Build.0 = Debug|Any CPU
		{C0541ED8-A0B5-040A-A2AE-0A5C70460BD4}.Release|Any CPU.ActiveCfg = Release|Any CPU
		{C0541ED8-A0B5-040A-A2AE-0A5C70460BD4}.Release|Any CPU.Build.0 = Release|Any CPU
		{9A1B7486-EA70-C04F-9C83-A658B102A55A}.Debug|Any CPU.ActiveCfg = Debug|Any CPU
		{9A1B7486-EA70-C04F-9C83-A658B102A55A}.Debug|Any CPU.Build.0 = Debug|Any CPU
		{9A1B7486-EA70-C04F-9C83-A658B102A55A}.Release|Any CPU.ActiveCfg = Release|Any CPU
		{9A1B7486-EA70-C04F-9C83-A658B102A55A}.Release|Any CPU.Build.0 = Release|Any CPU
		{F303E2E1-B39C-0F2E-1274-641781B81718}.Debug|Any CPU.ActiveCfg = Debug|Any CPU
		{F303E2E1-B39C-0F2E-1274-641781B81718}.Debug|Any CPU.Build.0 = Debug|Any CPU
		{F303E2E1-B39C-0F2E-1274-641781B81718}.Release|Any CPU.ActiveCfg = Release|Any CPU
		{F303E2E1-B39C-0F2E-1274-641781B81718}.Release|Any CPU.Build.0 = Release|Any CPU
		{F9400DCF-0511-A547-602F-EA3B87273FB1}.Debug|Any CPU.ActiveCfg = Debug|Any CPU
		{F9400DCF-0511-A547-602F-EA3B87273FB1}.Debug|Any CPU.Build.0 = Debug|Any CPU
		{F9400DCF-0511-A547-602F-EA3B87273FB1}.Release|Any CPU.ActiveCfg = Release|Any CPU
		{F9400DCF-0511-A547-602F-EA3B87273FB1}.Release|Any CPU.Build.0 = Release|Any CPU
		{30478CEE-93E6-6969-668B-E8935A1B499A}.Debug|Any CPU.ActiveCfg = Debug|Any CPU
		{30478CEE-93E6-6969-668B-E8935A1B499A}.Debug|Any CPU.Build.0 = Debug|Any CPU
		{30478CEE-93E6-6969-668B-E8935A1B499A}.Release|Any CPU.ActiveCfg = Release|Any CPU
		{30478CEE-93E6-6969-668B-E8935A1B499A}.Release|Any CPU.Build.0 = Release|Any CPU
		{B6989DEE-8B0C-8E3B-CCAD-9A36954DBFC9}.Debug|Any CPU.ActiveCfg = Debug|Any CPU
		{B6989DEE-8B0C-8E3B-CCAD-9A36954DBFC9}.Debug|Any CPU.Build.0 = Debug|Any CPU
		{B6989DEE-8B0C-8E3B-CCAD-9A36954DBFC9}.Release|Any CPU.ActiveCfg = Release|Any CPU
		{B6989DEE-8B0C-8E3B-CCAD-9A36954DBFC9}.Release|Any CPU.Build.0 = Release|Any CPU
		{40BEDBA9-8A24-9B4F-0305-CD23260E2079}.Debug|Any CPU.ActiveCfg = Debug|Any CPU
		{40BEDBA9-8A24-9B4F-0305-CD23260E2079}.Debug|Any CPU.Build.0 = Debug|Any CPU
		{40BEDBA9-8A24-9B4F-0305-CD23260E2079}.Release|Any CPU.ActiveCfg = Release|Any CPU
		{40BEDBA9-8A24-9B4F-0305-CD23260E2079}.Release|Any CPU.Build.0 = Release|Any CPU
		{CE2FC9D6-0A2E-5328-772C-CF4DB167FE5D}.Debug|Any CPU.ActiveCfg = Debug|Any CPU
		{CE2FC9D6-0A2E-5328-772C-CF4DB167FE5D}.Debug|Any CPU.Build.0 = Debug|Any CPU
		{CE2FC9D6-0A2E-5328-772C-CF4DB167FE5D}.Release|Any CPU.ActiveCfg = Release|Any CPU
		{CE2FC9D6-0A2E-5328-772C-CF4DB167FE5D}.Release|Any CPU.Build.0 = Release|Any CPU
		{5301FB2D-6A2F-1FE1-4ADD-9A002A8BBB51}.Debug|Any CPU.ActiveCfg = Debug|Any CPU
		{5301FB2D-6A2F-1FE1-4ADD-9A002A8BBB51}.Debug|Any CPU.Build.0 = Debug|Any CPU
		{5301FB2D-6A2F-1FE1-4ADD-9A002A8BBB51}.Release|Any CPU.ActiveCfg = Release|Any CPU
		{5301FB2D-6A2F-1FE1-4ADD-9A002A8BBB51}.Release|Any CPU.Build.0 = Release|Any CPU
		{1C17DF78-CB33-80D7-9478-B5F08459CE0B}.Debug|Any CPU.ActiveCfg = Debug|Any CPU
		{1C17DF78-CB33-80D7-9478-B5F08459CE0B}.Debug|Any CPU.Build.0 = Debug|Any CPU
		{1C17DF78-CB33-80D7-9478-B5F08459CE0B}.Release|Any CPU.ActiveCfg = Release|Any CPU
		{1C17DF78-CB33-80D7-9478-B5F08459CE0B}.Release|Any CPU.Build.0 = Release|Any CPU
		{EE9A8CBE-A6B2-3279-78EF-F9CB72B5627B}.Debug|Any CPU.ActiveCfg = Debug|Any CPU
		{EE9A8CBE-A6B2-3279-78EF-F9CB72B5627B}.Debug|Any CPU.Build.0 = Debug|Any CPU
		{EE9A8CBE-A6B2-3279-78EF-F9CB72B5627B}.Release|Any CPU.ActiveCfg = Release|Any CPU
		{EE9A8CBE-A6B2-3279-78EF-F9CB72B5627B}.Release|Any CPU.Build.0 = Release|Any CPU
		{1184D83F-8994-95E7-8350-5A405FA33ABB}.Debug|Any CPU.ActiveCfg = Debug|Any CPU
		{1184D83F-8994-95E7-8350-5A405FA33ABB}.Debug|Any CPU.Build.0 = Debug|Any CPU
		{1184D83F-8994-95E7-8350-5A405FA33ABB}.Release|Any CPU.ActiveCfg = Release|Any CPU
		{1184D83F-8994-95E7-8350-5A405FA33ABB}.Release|Any CPU.Build.0 = Release|Any CPU
		{660C175F-F90C-A955-FEC6-9D1AB15E8BC4}.Debug|Any CPU.ActiveCfg = Debug|Any CPU
		{660C175F-F90C-A955-FEC6-9D1AB15E8BC4}.Debug|Any CPU.Build.0 = Debug|Any CPU
		{660C175F-F90C-A955-FEC6-9D1AB15E8BC4}.Release|Any CPU.ActiveCfg = Release|Any CPU
		{660C175F-F90C-A955-FEC6-9D1AB15E8BC4}.Release|Any CPU.Build.0 = Release|Any CPU
		{C732F58C-3378-6ACA-838E-2D0583A1DC8C}.Debug|Any CPU.ActiveCfg = Debug|Any CPU
		{C732F58C-3378-6ACA-838E-2D0583A1DC8C}.Debug|Any CPU.Build.0 = Debug|Any CPU
		{C732F58C-3378-6ACA-838E-2D0583A1DC8C}.Release|Any CPU.ActiveCfg = Release|Any CPU
		{C732F58C-3378-6ACA-838E-2D0583A1DC8C}.Release|Any CPU.Build.0 = Release|Any CPU
		{FFC44407-33EA-798F-B974-FDC98403D1A0}.Debug|Any CPU.ActiveCfg = Debug|Any CPU
		{FFC44407-33EA-798F-B974-FDC98403D1A0}.Debug|Any CPU.Build.0 = Debug|Any CPU
		{FFC44407-33EA-798F-B974-FDC98403D1A0}.Release|Any CPU.ActiveCfg = Release|Any CPU
		{FFC44407-33EA-798F-B974-FDC98403D1A0}.Release|Any CPU.Build.0 = Release|Any CPU
		{E77270C6-66EB-44F6-1173-731F3C236138}.Debug|Any CPU.ActiveCfg = Debug|Any CPU
		{E77270C6-66EB-44F6-1173-731F3C236138}.Debug|Any CPU.Build.0 = Debug|Any CPU
		{E77270C6-66EB-44F6-1173-731F3C236138}.Release|Any CPU.ActiveCfg = Release|Any CPU
		{E77270C6-66EB-44F6-1173-731F3C236138}.Release|Any CPU.Build.0 = Release|Any CPU
		{8C2DE19C-B3F1-EBCC-0D8B-EA79F6C6F4BA}.Debug|Any CPU.ActiveCfg = Debug|Any CPU
		{8C2DE19C-B3F1-EBCC-0D8B-EA79F6C6F4BA}.Debug|Any CPU.Build.0 = Debug|Any CPU
		{8C2DE19C-B3F1-EBCC-0D8B-EA79F6C6F4BA}.Release|Any CPU.ActiveCfg = Release|Any CPU
		{8C2DE19C-B3F1-EBCC-0D8B-EA79F6C6F4BA}.Release|Any CPU.Build.0 = Release|Any CPU
		{83D99F98-11C2-79BE-F6E8-69D85D75D495}.Debug|Any CPU.ActiveCfg = Debug|Any CPU
		{83D99F98-11C2-79BE-F6E8-69D85D75D495}.Debug|Any CPU.Build.0 = Debug|Any CPU
		{83D99F98-11C2-79BE-F6E8-69D85D75D495}.Release|Any CPU.ActiveCfg = Release|Any CPU
		{83D99F98-11C2-79BE-F6E8-69D85D75D495}.Release|Any CPU.Build.0 = Release|Any CPU
		{2B663001-705E-920A-F137-9726F4D30B2D}.Debug|Any CPU.ActiveCfg = Debug|Any CPU
		{2B663001-705E-920A-F137-9726F4D30B2D}.Debug|Any CPU.Build.0 = Debug|Any CPU
		{2B663001-705E-920A-F137-9726F4D30B2D}.Release|Any CPU.ActiveCfg = Release|Any CPU
		{2B663001-705E-920A-F137-9726F4D30B2D}.Release|Any CPU.Build.0 = Release|Any CPU
		{E751EDFF-3853-43F8-7DEC-540CA0074246}.Debug|Any CPU.ActiveCfg = Debug|Any CPU
		{E751EDFF-3853-43F8-7DEC-540CA0074246}.Debug|Any CPU.Build.0 = Debug|Any CPU
		{E751EDFF-3853-43F8-7DEC-540CA0074246}.Release|Any CPU.ActiveCfg = Release|Any CPU
		{E751EDFF-3853-43F8-7DEC-540CA0074246}.Release|Any CPU.Build.0 = Release|Any CPU
		{D87FF0D0-E0F1-FB83-8F35-6641630B766E}.Debug|Any CPU.ActiveCfg = Debug|Any CPU
		{D87FF0D0-E0F1-FB83-8F35-6641630B766E}.Debug|Any CPU.Build.0 = Debug|Any CPU
		{D87FF0D0-E0F1-FB83-8F35-6641630B766E}.Release|Any CPU.ActiveCfg = Release|Any CPU
		{D87FF0D0-E0F1-FB83-8F35-6641630B766E}.Release|Any CPU.Build.0 = Release|Any CPU
		{EFBF9D49-72A4-2D6B-B5A2-41B44B898112}.Debug|Any CPU.ActiveCfg = Debug|Any CPU
		{EFBF9D49-72A4-2D6B-B5A2-41B44B898112}.Debug|Any CPU.Build.0 = Debug|Any CPU
		{EFBF9D49-72A4-2D6B-B5A2-41B44B898112}.Release|Any CPU.ActiveCfg = Release|Any CPU
		{EFBF9D49-72A4-2D6B-B5A2-41B44B898112}.Release|Any CPU.Build.0 = Release|Any CPU
		{2B07F155-A988-4D50-CE71-CA0F54237435}.Debug|Any CPU.ActiveCfg = Debug|Any CPU
		{2B07F155-A988-4D50-CE71-CA0F54237435}.Debug|Any CPU.Build.0 = Debug|Any CPU
		{2B07F155-A988-4D50-CE71-CA0F54237435}.Release|Any CPU.ActiveCfg = Release|Any CPU
		{2B07F155-A988-4D50-CE71-CA0F54237435}.Release|Any CPU.Build.0 = Release|Any CPU
		{C79093E2-8C2D-4695-177D-ECC1B2BB74F1}.Debug|Any CPU.ActiveCfg = Debug|Any CPU
		{C79093E2-8C2D-4695-177D-ECC1B2BB74F1}.Debug|Any CPU.Build.0 = Debug|Any CPU
		{C79093E2-8C2D-4695-177D-ECC1B2BB74F1}.Release|Any CPU.ActiveCfg = Release|Any CPU
		{C79093E2-8C2D-4695-177D-ECC1B2BB74F1}.Release|Any CPU.Build.0 = Release|Any CPU
		{A4AA1F96-5776-BFDE-33E8-70FA79A5B190}.Debug|Any CPU.ActiveCfg = Debug|Any CPU
		{A4AA1F96-5776-BFDE-33E8-70FA79A5B190}.Debug|Any CPU.Build.0 = Debug|Any CPU
		{A4AA1F96-5776-BFDE-33E8-70FA79A5B190}.Release|Any CPU.ActiveCfg = Release|Any CPU
		{A4AA1F96-5776-BFDE-33E8-70FA79A5B190}.Release|Any CPU.Build.0 = Release|Any CPU
		{BFD09142-F0F4-9349-F3ED-6B9145B5ADB1}.Debug|Any CPU.ActiveCfg = Debug|Any CPU
		{BFD09142-F0F4-9349-F3ED-6B9145B5ADB1}.Debug|Any CPU.Build.0 = Debug|Any CPU
		{BFD09142-F0F4-9349-F3ED-6B9145B5ADB1}.Release|Any CPU.ActiveCfg = Release|Any CPU
		{BFD09142-F0F4-9349-F3ED-6B9145B5ADB1}.Release|Any CPU.Build.0 = Release|Any CPU
		{9274F958-01D4-FDBD-8B6C-B24DE88E3988}.Debug|Any CPU.ActiveCfg = Debug|Any CPU
		{9274F958-01D4-FDBD-8B6C-B24DE88E3988}.Debug|Any CPU.Build.0 = Debug|Any CPU
		{9274F958-01D4-FDBD-8B6C-B24DE88E3988}.Release|Any CPU.ActiveCfg = Release|Any CPU
		{9274F958-01D4-FDBD-8B6C-B24DE88E3988}.Release|Any CPU.Build.0 = Release|Any CPU
	EndGlobalSection
	GlobalSection(SolutionProperties) = preSolution
		HideSolutionNode = FALSE
	EndGlobalSection
EndGlobal
